{
  "name": "easy-wechat-sdk",
  "version": "1.0.1",
  "lockfileVersion": 1,
  "requires": true,
  "dependencies": {
    "axios": {
      "version": "0.21.1",
      "resolved": "https://registry.nlark.com/axios/download/axios-0.21.1.tgz",
      "integrity": "sha1-IlY0gZYvTWvemnbVFu8OXTwJsrg=",
      "requires": {
        "follow-redirects": "^1.10.0"
      }
    },
    "flexible-axios": {
      "version": "1.0.1",
      "resolved": "https://registry.nlark.com/flexible-axios/download/flexible-axios-1.0.1.tgz",
      "integrity": "sha1-FKnxpSav2LOklctEYIGaMgxpjl8=",
      "requires": {
        "axios": "^0.21.1"
      }
    },
    "follow-redirects": {
      "version": "1.14.1",
      "resolved": "https://registry.nlark.com/follow-redirects/download/follow-redirects-1.14.1.tgz",
      "integrity": "sha1-2RFN7Qoc/dM04WTmZirQK/2R/0M="
    },
    "memory-cache": {
      "version": "0.2.0",
      "resolved": "https://registry.npm.taobao.org/memory-cache/download/memory-cache-0.2.0.tgz",
      "integrity": "sha1-eJCwHVLADI68nVM+H46xfjA0hxo="
    },
    "secure-cache": {
      "version": "1.0.1",
      "resolved": "https://registry.nlark.com/secure-cache/download/secure-cache-1.0.1.tgz",
      "integrity": "sha1-sCapWlRqinMWBvghiM5OsqwQtxU=",
      "requires": {
        "memory-cache": "^0.2.0"
      }
    }
  }
}
